
Microsoft Visual Studio Solution File, Format Version 12.00
# Visual Studio 15
VisualStudioVersion = 15.0.28307.1927
MinimumVisualStudioVersion = 10.0.40219.1
Project("{FAE04EC0-301F-11D3-BF4B-00C04F79EFBC}") = "1地图操作", "地图操作\1地图操作.csproj", "{1FAE6ECE-65E3-4BA1-8040-EB1A34E521C6}"
EndProject
Project("{FAE04EC0-301F-11D3-BF4B-00C04F79EFBC}") = "2查询统计", "查询统计\2查询统计.csproj", "{1D8F166E-3854-4879-B281-286B7867A773}"
EndProject
Project("{FAE04EC0-301F-11D3-BF4B-00C04F79EFBC}") = "3.1符号化", "符号化\3.1符号化.csproj", "{577CE932-1B4F-4282-A433-66A6E6D4F232}"
EndProject
Project("{FAE04EC0-301F-11D3-BF4B-00C04F79EFBC}") = "3.2专题地图", "专题地图\3.2专题地图.csproj", "{00505C3A-DEF2-4A5E-AB3D-CF336D5952B6}"
EndProject
Project("{FAE04EC0-301F-11D3-BF4B-00C04F79EFBC}") = "3.3地图整饰与输出", "地图整饰与输出\3.3地图整饰与输出.csproj", "{22224A01-94DF-4D6B-A1A3-D36598C45F44}"
EndProject
Project("{FAE04EC0-301F-11D3-BF4B-00C04F79EFBC}") = "0ArcMapAddin4Z", "ArcMapAddin4Z\0ArcMapAddin4Z.csproj", "{9F4CE551-3141-4E2E-A5E9-88DADA497934}"
EndProject
Project("{FAE04EC0-301F-11D3-BF4B-00C04F79EFBC}") = "4.1GISEditor", "空间数据编辑\GISEditor\4.1GISEditor.csproj", "{00987542-D93D-4E8B-97CD-8AA1925A6D57}"
EndProject
Project("{FAE04EC0-301F-11D3-BF4B-00C04F79EFBC}") = "4.2GISEditor.EditTool", "空间数据编辑\GISEditor.EditTool\4.2GISEditor.EditTool.csproj", "{A72EBFE4-E3D8-4ED9-A4BE-2B4CDF40CDEB}"
EndProject
Project("{FAE04EC0-301F-11D3-BF4B-00C04F79EFBC}") = "5矢量数据分析", "矢量数据分析\5矢量数据分析.csproj", "{B4ED5313-5DF7-4D57-83EA-F2CB9F52F765}"
EndProject
Project("{FAE04EC0-301F-11D3-BF4B-00C04F79EFBC}") = "6.1Interpolation", "栅格数据分析\Interpolation\6.1Interpolation.csproj", "{65EAA2F5-938E-49E3-BA8D-DB9F4303FF87}"
EndProject
Project("{FAE04EC0-301F-11D3-BF4B-00C04F79EFBC}") = "6.2Surface", "栅格数据分析\Surface\6.2Surface.csproj", "{DD048FE3-CCB2-4A39-A41A-E5C1C4FDD691}"
EndProject
Project("{FAE04EC0-301F-11D3-BF4B-00C04F79EFBC}") = "6.3Math", "栅格数据分析\Math\6.3Math.csproj", "{21E147B3-C548-4602-B5E3-D46EE82069A1}"
EndProject
Project("{FAE04EC0-301F-11D3-BF4B-00C04F79EFBC}") = "6.4RasterStatistics", "栅格数据分析\RasterStatistics\6.4RasterStatistics.csproj", "{475F797F-BE72-4F25-A709-CD8209A6863F}"
EndProject
Project("{FAE04EC0-301F-11D3-BF4B-00C04F79EFBC}") = "6.5DensityAnalysis", "栅格数据分析\DensityAnalysis\6.5DensityAnalysis.csproj", "{661B93E5-B0D2-4A2B-9C0D-B83C08FE1C80}"
EndProject
Project("{FAE04EC0-301F-11D3-BF4B-00C04F79EFBC}") = "6.6Extraction", "栅格数据分析\Extraction\6.6Extraction.csproj", "{CB419794-365A-41E7-BA63-597C15393EBC}"
EndProject
Project("{FAE04EC0-301F-11D3-BF4B-00C04F79EFBC}") = "6.7Distance", "栅格数据分析\Distance\6.7Distance.csproj", "{C1FD5A7B-0BC5-49CC-8830-BAFF88794EC8}"
EndProject
Project("{FAE04EC0-301F-11D3-BF4B-00C04F79EFBC}") = "6.8ReClass", "栅格数据分析\ReClass\6.8ReClass.csproj", "{C42FF170-FB66-4ACA-897B-9975E750A37C}"
EndProject
Project("{FAE04EC0-301F-11D3-BF4B-00C04F79EFBC}") = "6.9Conditional", "栅格数据分析\Conditional\6.9Conditional.csproj", "{280BE121-7EC3-45A0-A33D-289CB5A7848E}"
EndProject
Project("{FAE04EC0-301F-11D3-BF4B-00C04F79EFBC}") = "7.1几何网络分析", "几何网络分析\7.1几何网络分析.csproj", "{0EB6B48A-649B-422C-98C8-67F400FB3FA8}"
EndProject
Project("{FAE04EC0-301F-11D3-BF4B-00C04F79EFBC}") = "7.2交通网络分析", "交通网络分析\7.2交通网络分析.csproj", "{22C8E839-7D65-4192-A0E1-C95A3327E7CE}"
EndProject
Project("{FAE04EC0-301F-11D3-BF4B-00C04F79EFBC}") = "7.3最短路径分析", "最短路径分析\7.3最短路径分析.csproj", "{46300C3C-F41D-4318-B20A-FEDE9751AE66}"
EndProject
Global
	GlobalSection(SolutionConfigurationPlatforms) = preSolution
		Debug|Any CPU = Debug|Any CPU
		Debug|x86 = Debug|x86
		Release|Any CPU = Release|Any CPU
		Release|x86 = Release|x86
	EndGlobalSection
	GlobalSection(ProjectConfigurationPlatforms) = postSolution
		{1FAE6ECE-65E3-4BA1-8040-EB1A34E521C6}.Debug|Any CPU.ActiveCfg = Debug|x86
		{1FAE6ECE-65E3-4BA1-8040-EB1A34E521C6}.Debug|x86.ActiveCfg = Debug|x86
		{1FAE6ECE-65E3-4BA1-8040-EB1A34E521C6}.Debug|x86.Build.0 = Debug|x86
		{1FAE6ECE-65E3-4BA1-8040-EB1A34E521C6}.Release|Any CPU.ActiveCfg = Release|x86
		{1FAE6ECE-65E3-4BA1-8040-EB1A34E521C6}.Release|x86.ActiveCfg = Release|x86
		{1FAE6ECE-65E3-4BA1-8040-EB1A34E521C6}.Release|x86.Build.0 = Release|x86
		{1D8F166E-3854-4879-B281-286B7867A773}.Debug|Any CPU.ActiveCfg = Debug|x86
		{1D8F166E-3854-4879-B281-286B7867A773}.Debug|x86.ActiveCfg = Debug|x86
		{1D8F166E-3854-4879-B281-286B7867A773}.Debug|x86.Build.0 = Debug|x86
		{1D8F166E-3854-4879-B281-286B7867A773}.Release|Any CPU.ActiveCfg = Release|x86
		{1D8F166E-3854-4879-B281-286B7867A773}.Release|x86.ActiveCfg = Release|x86
		{1D8F166E-3854-4879-B281-286B7867A773}.Release|x86.Build.0 = Release|x86
		{577CE932-1B4F-4282-A433-66A6E6D4F232}.Debug|Any CPU.ActiveCfg = Debug|x86
		{577CE932-1B4F-4282-A433-66A6E6D4F232}.Debug|x86.ActiveCfg = Debug|x86
		{577CE932-1B4F-4282-A433-66A6E6D4F232}.Debug|x86.Build.0 = Debug|x86
		{577CE932-1B4F-4282-A433-66A6E6D4F232}.Release|Any CPU.ActiveCfg = Release|x86
		{577CE932-1B4F-4282-A433-66A6E6D4F232}.Release|x86.ActiveCfg = Release|x86
		{577CE932-1B4F-4282-A433-66A6E6D4F232}.Release|x86.Build.0 = Release|x86
		{00505C3A-DEF2-4A5E-AB3D-CF336D5952B6}.Debug|Any CPU.ActiveCfg = Debug|x86
		{00505C3A-DEF2-4A5E-AB3D-CF336D5952B6}.Debug|x86.ActiveCfg = Debug|x86
		{00505C3A-DEF2-4A5E-AB3D-CF336D5952B6}.Debug|x86.Build.0 = Debug|x86
		{00505C3A-DEF2-4A5E-AB3D-CF336D5952B6}.Release|Any CPU.ActiveCfg = Release|x86
		{00505C3A-DEF2-4A5E-AB3D-CF336D5952B6}.Release|x86.ActiveCfg = Release|x86
		{00505C3A-DEF2-4A5E-AB3D-CF336D5952B6}.Release|x86.Build.0 = Release|x86
		{22224A01-94DF-4D6B-A1A3-D36598C45F44}.Debug|Any CPU.ActiveCfg = Debug|x86
		{22224A01-94DF-4D6B-A1A3-D36598C45F44}.Debug|x86.ActiveCfg = Debug|x86
		{22224A01-94DF-4D6B-A1A3-D36598C45F44}.Debug|x86.Build.0 = Debug|x86
		{22224A01-94DF-4D6B-A1A3-D36598C45F44}.Release|Any CPU.ActiveCfg = Release|x86
		{22224A01-94DF-4D6B-A1A3-D36598C45F44}.Release|x86.ActiveCfg = Release|x86
		{22224A01-94DF-4D6B-A1A3-D36598C45F44}.Release|x86.Build.0 = Release|x86
		{9F4CE551-3141-4E2E-A5E9-88DADA497934}.Debug|Any CPU.ActiveCfg = Debug|Any CPU
		{9F4CE551-3141-4E2E-A5E9-88DADA497934}.Debug|Any CPU.Build.0 = Debug|Any CPU
		{9F4CE551-3141-4E2E-A5E9-88DADA497934}.Debug|x86.ActiveCfg = Debug|Any CPU
		{9F4CE551-3141-4E2E-A5E9-88DADA497934}.Debug|x86.Build.0 = Debug|Any CPU
		{9F4CE551-3141-4E2E-A5E9-88DADA497934}.Release|Any CPU.ActiveCfg = Release|Any CPU
		{9F4CE551-3141-4E2E-A5E9-88DADA497934}.Release|Any CPU.Build.0 = Release|Any CPU
		{9F4CE551-3141-4E2E-A5E9-88DADA497934}.Release|x86.ActiveCfg = Release|Any CPU
		{9F4CE551-3141-4E2E-A5E9-88DADA497934}.Release|x86.Build.0 = Release|Any CPU
		{00987542-D93D-4E8B-97CD-8AA1925A6D57}.Debug|Any CPU.ActiveCfg = Debug|Any CPU
		{00987542-D93D-4E8B-97CD-8AA1925A6D57}.Debug|Any CPU.Build.0 = Debug|Any CPU
		{00987542-D93D-4E8B-97CD-8AA1925A6D57}.Debug|x86.ActiveCfg = Debug|Any CPU
		{00987542-D93D-4E8B-97CD-8AA1925A6D57}.Debug|x86.Build.0 = Debug|Any CPU
		{00987542-D93D-4E8B-97CD-8AA1925A6D57}.Release|Any CPU.ActiveCfg = Release|Any CPU
		{00987542-D93D-4E8B-97CD-8AA1925A6D57}.Release|Any CPU.Build.0 = Release|Any CPU
		{00987542-D93D-4E8B-97CD-8AA1925A6D57}.Release|x86.ActiveCfg = Release|Any CPU
		{00987542-D93D-4E8B-97CD-8AA1925A6D57}.Release|x86.Build.0 = Release|Any CPU
		{A72EBFE4-E3D8-4ED9-A4BE-2B4CDF40CDEB}.Debug|Any CPU.ActiveCfg = Debug|Any CPU
		{A72EBFE4-E3D8-4ED9-A4BE-2B4CDF40CDEB}.Debug|Any CPU.Build.0 = Debug|Any CPU
		{A72EBFE4-E3D8-4ED9-A4BE-2B4CDF40CDEB}.Debug|x86.ActiveCfg = Debug|Any CPU
		{A72EBFE4-E3D8-4ED9-A4BE-2B4CDF40CDEB}.Debug|x86.Build.0 = Debug|Any CPU
		{A72EBFE4-E3D8-4ED9-A4BE-2B4CDF40CDEB}.Release|Any CPU.ActiveCfg = Release|Any CPU
		{A72EBFE4-E3D8-4ED9-A4BE-2B4CDF40CDEB}.Release|Any CPU.Build.0 = Release|Any CPU
		{A72EBFE4-E3D8-4ED9-A4BE-2B4CDF40CDEB}.Release|x86.ActiveCfg = Release|Any CPU
		{A72EBFE4-E3D8-4ED9-A4BE-2B4CDF40CDEB}.Release|x86.Build.0 = Release|Any CPU
		{B4ED5313-5DF7-4D57-83EA-F2CB9F52F765}.Debug|Any CPU.ActiveCfg = Debug|x86
		{B4ED5313-5DF7-4D57-83EA-F2CB9F52F765}.Debug|x86.ActiveCfg = Debug|x86
		{B4ED5313-5DF7-4D57-83EA-F2CB9F52F765}.Debug|x86.Build.0 = Debug|x86
		{B4ED5313-5DF7-4D57-83EA-F2CB9F52F765}.Release|Any CPU.ActiveCfg = Release|x86
		{B4ED5313-5DF7-4D57-83EA-F2CB9F52F765}.Release|x86.ActiveCfg = Release|x86
		{B4ED5313-5DF7-4D57-83EA-F2CB9F52F765}.Release|x86.Build.0 = Release|x86
		{65EAA2F5-938E-49E3-BA8D-DB9F4303FF87}.Debug|Any CPU.ActiveCfg = Debug|x86
		{65EAA2F5-938E-49E3-BA8D-DB9F4303FF87}.Debug|x86.ActiveCfg = Debug|x86
		{65EAA2F5-938E-49E3-BA8D-DB9F4303FF87}.Debug|x86.Build.0 = Debug|x86
		{65EAA2F5-938E-49E3-BA8D-DB9F4303FF87}.Release|Any CPU.ActiveCfg = Release|x86
		{65EAA2F5-938E-49E3-BA8D-DB9F4303FF87}.Release|x86.ActiveCfg = Release|x86
		{65EAA2F5-938E-49E3-BA8D-DB9F4303FF87}.Release|x86.Build.0 = Release|x86
		{DD048FE3-CCB2-4A39-A41A-E5C1C4FDD691}.Debug|Any CPU.ActiveCfg = Debug|x86
		{DD048FE3-CCB2-4A39-A41A-E5C1C4FDD691}.Debug|x86.ActiveCfg = Debug|x86
		{DD048FE3-CCB2-4A39-A41A-E5C1C4FDD691}.Debug|x86.Build.0 = Debug|x86
		{DD048FE3-CCB2-4A39-A41A-E5C1C4FDD691}.Release|Any CPU.ActiveCfg = Release|x86
		{DD048FE3-CCB2-4A39-A41A-E5C1C4FDD691}.Release|x86.ActiveCfg = Release|x86
		{DD048FE3-CCB2-4A39-A41A-E5C1C4FDD691}.Release|x86.Build.0 = Release|x86
		{21E147B3-C548-4602-B5E3-D46EE82069A1}.Debug|Any CPU.ActiveCfg = Debug|x86
		{21E147B3-C548-4602-B5E3-D46EE82069A1}.Debug|x86.ActiveCfg = Debug|x86
		{21E147B3-C548-4602-B5E3-D46EE82069A1}.Debug|x86.Build.0 = Debug|x86
		{21E147B3-C548-4602-B5E3-D46EE82069A1}.Release|Any CPU.ActiveCfg = Release|x86
		{21E147B3-C548-4602-B5E3-D46EE82069A1}.Release|x86.ActiveCfg = Release|x86
		{21E147B3-C548-4602-B5E3-D46EE82069A1}.Release|x86.Build.0 = Release|x86
		{475F797F-BE72-4F25-A709-CD8209A6863F}.Debug|Any CPU.ActiveCfg = Debug|x86
		{475F797F-BE72-4F25-A709-CD8209A6863F}.Debug|x86.ActiveCfg = Debug|x86
		{475F797F-BE72-4F25-A709-CD8209A6863F}.Debug|x86.Build.0 = Debug|x86
		{475F797F-BE72-4F25-A709-CD8209A6863F}.Release|Any CPU.ActiveCfg = Release|x86
		{475F797F-BE72-4F25-A709-CD8209A6863F}.Release|x86.ActiveCfg = Release|x86
		{475F797F-BE72-4F25-A709-CD8209A6863F}.Release|x86.Build.0 = Release|x86
		{661B93E5-B0D2-4A2B-9C0D-B83C08FE1C80}.Debug|Any CPU.ActiveCfg = Debug|x86
		{661B93E5-B0D2-4A2B-9C0D-B83C08FE1C80}.Debug|x86.ActiveCfg = Debug|x86
		{661B93E5-B0D2-4A2B-9C0D-B83C08FE1C80}.Debug|x86.Build.0 = Debug|x86
		{661B93E5-B0D2-4A2B-9C0D-B83C08FE1C80}.Release|Any CPU.ActiveCfg = Release|x86
		{661B93E5-B0D2-4A2B-9C0D-B83C08FE1C80}.Release|x86.ActiveCfg = Release|x86
		{661B93E5-B0D2-4A2B-9C0D-B83C08FE1C80}.Release|x86.Build.0 = Release|x86
		{CB419794-365A-41E7-BA63-597C15393EBC}.Debug|Any CPU.ActiveCfg = Debug|x86
		{CB419794-365A-41E7-BA63-597C15393EBC}.Debug|x86.ActiveCfg = Debug|x86
		{CB419794-365A-41E7-BA63-597C15393EBC}.Debug|x86.Build.0 = Debug|x86
		{CB419794-365A-41E7-BA63-597C15393EBC}.Release|Any CPU.ActiveCfg = Release|x86
		{CB419794-365A-41E7-BA63-597C15393EBC}.Release|x86.ActiveCfg = Release|x86
		{CB419794-365A-41E7-BA63-597C15393EBC}.Release|x86.Build.0 = Release|x86
		{C1FD5A7B-0BC5-49CC-8830-BAFF88794EC8}.Debug|Any CPU.ActiveCfg = Debug|x86
		{C1FD5A7B-0BC5-49CC-8830-BAFF88794EC8}.Debug|x86.ActiveCfg = Debug|x86
		{C1FD5A7B-0BC5-49CC-8830-BAFF88794EC8}.Debug|x86.Build.0 = Debug|x86
		{C1FD5A7B-0BC5-49CC-8830-BAFF88794EC8}.Release|Any CPU.ActiveCfg = Release|x86
		{C1FD5A7B-0BC5-49CC-8830-BAFF88794EC8}.Release|x86.ActiveCfg = Release|x86
		{C1FD5A7B-0BC5-49CC-8830-BAFF88794EC8}.Release|x86.Build.0 = Release|x86
		{C42FF170-FB66-4ACA-897B-9975E750A37C}.Debug|Any CPU.ActiveCfg = Debug|x86
		{C42FF170-FB66-4ACA-897B-9975E750A37C}.Debug|x86.ActiveCfg = Debug|x86
		{C42FF170-FB66-4ACA-897B-9975E750A37C}.Debug|x86.Build.0 = Debug|x86
		{C42FF170-FB66-4ACA-897B-9975E750A37C}.Release|Any CPU.ActiveCfg = Release|x86
		{C42FF170-FB66-4ACA-897B-9975E750A37C}.Release|x86.ActiveCfg = Release|x86
		{C42FF170-FB66-4ACA-897B-9975E750A37C}.Release|x86.Build.0 = Release|x86
		{280BE121-7EC3-45A0-A33D-289CB5A7848E}.Debug|Any CPU.ActiveCfg = Debug|x86
		{280BE121-7EC3-45A0-A33D-289CB5A7848E}.Debug|x86.ActiveCfg = Debug|x86
		{280BE121-7EC3-45A0-A33D-289CB5A7848E}.Debug|x86.Build.0 = Debug|x86
		{280BE121-7EC3-45A0-A33D-289CB5A7848E}.Release|Any CPU.ActiveCfg = Release|x86
		{280BE121-7EC3-45A0-A33D-289CB5A7848E}.Release|x86.ActiveCfg = Release|x86
		{280BE121-7EC3-45A0-A33D-289CB5A7848E}.Release|x86.Build.0 = Release|x86
		{0EB6B48A-649B-422C-98C8-67F400FB3FA8}.Debug|Any CPU.ActiveCfg = Debug|x86
		{0EB6B48A-649B-422C-98C8-67F400FB3FA8}.Debug|x86.ActiveCfg = Debug|x86
		{0EB6B48A-649B-422C-98C8-67F400FB3FA8}.Debug|x86.Build.0 = Debug|x86
		{0EB6B48A-649B-422C-98C8-67F400FB3FA8}.Release|Any CPU.ActiveCfg = Release|x86
		{0EB6B48A-649B-422C-98C8-67F400FB3FA8}.Release|x86.ActiveCfg = Release|x86
		{0EB6B48A-649B-422C-98C8-67F400FB3FA8}.Release|x86.Build.0 = Release|x86
		{22C8E839-7D65-4192-A0E1-C95A3327E7CE}.Debug|Any CPU.ActiveCfg = Debug|x86
		{22C8E839-7D65-4192-A0E1-C95A3327E7CE}.Debug|x86.ActiveCfg = Debug|x86
		{22C8E839-7D65-4192-A0E1-C95A3327E7CE}.Debug|x86.Build.0 = Debug|x86
		{22C8E839-7D65-4192-A0E1-C95A3327E7CE}.Release|Any CPU.ActiveCfg = Release|x86
		{22C8E839-7D65-4192-A0E1-C95A3327E7CE}.Release|x86.ActiveCfg = Release|x86
		{22C8E839-7D65-4192-A0E1-C95A3327E7CE}.Release|x86.Build.0 = Release|x86
		{46300C3C-F41D-4318-B20A-FEDE9751AE66}.Debug|Any CPU.ActiveCfg = Debug|x86
		{46300C3C-F41D-4318-B20A-FEDE9751AE66}.Debug|x86.ActiveCfg = Debug|x86
		{46300C3C-F41D-4318-B20A-FEDE9751AE66}.Debug|x86.Build.0 = Debug|x86
		{46300C3C-F41D-4318-B20A-FEDE9751AE66}.Release|Any CPU.ActiveCfg = Release|x86
		{46300C3C-F41D-4318-B20A-FEDE9751AE66}.Release|x86.ActiveCfg = Release|x86
		{46300C3C-F41D-4318-B20A-FEDE9751AE66}.Release|x86.Build.0 = Release|x86
	EndGlobalSection
	GlobalSection(SolutionProperties) = preSolution
		HideSolutionNode = FALSE
	EndGlobalSection
	GlobalSection(ExtensibilityGlobals) = postSolution
		SolutionGuid = {0F410F1C-1615-492C-BF93-CB0CB695FA85}
	EndGlobalSection
EndGlobal
